// !$*UTF8*$!
{
	archiveVersion = 1;
	classes = {
	};
	objectVersion = 50;
	objects = {

/* Begin PBXBuildFile section */
		1019323C5CB76A91D2C15B62 /* Pods_pushapp.framework in Frameworks */ = {isa = PBXBuildFile; fileRef = 42E4E9755843BB68A20F0043 /* Pods_pushapp.framework */; };
		A7E27B2B23D5FF9C00BFC939 /* AppDelegate.swift in Sources */ = {isa = PBXBuildFile; fileRef = A7E27B2A23D5FF9C00BFC939 /* AppDelegate.swift */; };
		A7E27B2D23D5FF9C00BFC939 /* SceneDelegate.swift in Sources */ = {isa = PBXBuildFile; fileRef = A7E27B2C23D5FF9C00BFC939 /* SceneDelegate.swift */; };
		A7E27B2F23D5FF9C00BFC939 /* ViewController.swift in Sources */ = {isa = PBXBuildFile; fileRef = A7E27B2E23D5FF9C00BFC939 /* ViewController.swift */; };
		A7E27B3223D5FF9C00BFC939 /* Main.storyboard in Resources */ = {isa = PBXBuildFile; fileRef = A7E27B3023D5FF9C00BFC939 /* Main.storyboard */; };
		A7E27B3523D5FF9C00BFC939 /* pushapp.xcdatamodeld in Sources */ = {isa = PBXBuildFile; fileRef = A7E27B3323D5FF9C00BFC939 /* pushapp.xcdatamodeld */; };
		A7E27B3723D5FF9D00BFC939 /* Assets.xcassets in Resources */ = {isa = PBXBuildFile; fileRef = A7E27B3623D5FF9D00BFC939 /* Assets.xcassets */; };
		A7E27B3A23D5FF9D00BFC939 /* LaunchScreen.storyboard in Resources */ = {isa = PBXBuildFile; fileRef = A7E27B3823D5FF9D00BFC939 /* LaunchScreen.storyboard */; };
		A7E27B4223D6010100BFC939 /* GoogleService-Info.plist in Resources */ = {isa = PBXBuildFile; fileRef = A7E27B4123D6010100BFC939 /* GoogleService-Info.plist */; };
/* End PBXBuildFile section */

/* Begin PBXFileReference section */
		05EDE476A72544989CCCF61C /* Pods-pushapp.release.xcconfig */ = {isa = PBXFileReference; includeInIndex = 1; lastKnownFileType = text.xcconfig; name = "Pods-pushapp.release.xcconfig"; path = "Target Support Files/Pods-pushapp/Pods-pushapp.release.xcconfig"; sourceTree = "<group>"; };
		42E4E9755843BB68A20F0043 /* Pods_pushapp.framework */ = {isa = PBXFileReference; explicitFileType = wrapper.framework; includeInIndex = 0; path = Pods_pushapp.framework; sourceTree = BUILT_PRODUCTS_DIR; };
		8587E0BD0DBEEF5D5CBEB713 /* Pods-pushapp.debug.xcconfig */ = {isa = PBXFileReference; includeInIndex = 1; lastKnownFileType = text.xcconfig; name = "Pods-pushapp.debug.xcconfig"; path = "Target Support Files/Pods-pushapp/Pods-pushapp.debug.xcconfig"; sourceTree = "<group>"; };
		A7E27B2723D5FF9C00BFC939 /* pushapp.app */ = {isa = PBXFileReference; explicitFileType = wrapper.application; includeInIndex = 0; path = pushapp.app; sourceTree = BUILT_PRODUCTS_DIR; };
		A7E27B2A23D5FF9C00BFC939 /* AppDelegate.swift */ = {isa = PBXFileReference; lastKnownFileType = sourcecode.swift; path = AppDelegate.swift; sourceTree = "<group>"; };
		A7E27B2C23D5FF9C00BFC939 /* SceneDelegate.swift */ = {isa = PBXFileReference; lastKnownFileType = sourcecode.swift; path = SceneDelegate.swift; sourceTree = "<group>"; };
		A7E27B2E23D5FF9C00BFC939 /* ViewController.swift */ = {isa = PBXFileReference; lastKnownFileType = sourcecode.swift; path = ViewController.swift; sourceTree = "<group>"; };
		A7E27B3123D5FF9C00BFC939 /* Base */ = {isa = PBXFileReference; lastKnownFileType = file.storyboard; name = Base; path = Base.lproj/Main.storyboard; sourceTree = "<group>"; };
		A7E27B3423D5FF9C00BFC939 /* pushapp.xcdatamodel */ = {isa = PBXFileReference; lastKnownFileType = wrapper.xcdatamodel; path = pushapp.xcdatamodel; sourceTree = "<group>"; };
		A7E27B3623D5FF9D00BFC939 /* Assets.xcassets */ = {isa = PBXFileReference; lastKnownFileType = folder.assetcatalog; path = Assets.xcassets; sourceTree = "<group>"; };
		A7E27B3923D5FF9D00BFC939 /* Base */ = {isa = PBXFileReference; lastKnownFileType = file.storyboard; name = Base; path = Base.lproj/LaunchScreen.storyboard; sourceTree = "<group>"; };
		A7E27B3B23D5FF9D00BFC939 /* Info.plist */ = {isa = PBXFileReference; lastKnownFileType = text.plist.xml; path = Info.plist; sourceTree = "<group>"; };
		A7E27B4123D6010100BFC939 /* GoogleService-Info.plist */ = {isa = PBXFileReference; fileEncoding = 4; lastKnownFileType = text.plist.xml; path = "GoogleService-Info.plist"; sourceTree = "<group>"; };
/* End PBXFileReference section */

/* Begin PBXFrameworksBuildPhase section */
		A7E27B2423D5FF9C00BFC939 /* Frameworks */ = {
			isa = PBXFrameworksBuildPhase;
			buildActionMask = 2147483647;
			files = (
				1019323C5CB76A91D2C15B62 /* Pods_pushapp.framework in Frameworks */,
			);
			runOnlyForDeploymentPostprocessing = 0;
		};
/* End PBXFrameworksBuildPhase section */

/* Begin PBXGroup section */
		A7E27B1E23D5FF9C00BFC939 = {
			isa = PBXGroup;
			children = (
				A7E27B2923D5FF9C00BFC939 /* pushapp */,
				A7E27B2823D5FF9C00BFC939 /* Products */,
				FABFB41135340DF2C89D9ED9 /* Pods */,
				FBD8F4DFB303886F92B6A585 /* Frameworks */,
			);
			sourceTree = "<group>";
		};
		A7E27B2823D5FF9C00BFC939 /* Products */ = {
			isa = PBXGroup;
			children = (
				A7E27B2723D5FF9C00BFC939 /* pushapp.app */,
			);
			name = Products;
			sourceTree = "<group>";
		};
		A7E27B2923D5FF9C00BFC939 /* pushapp */ = {
			isa = PBXGroup;
			children = (
				A7E27B2A23D5FF9C00BFC939 /* AppDelegate.swift */,
				A7E27B2C23D5FF9C00BFC939 /* SceneDelegate.swift */,
				A7E27B2E23D5FF9C00BFC939 /* ViewController.swift */,
				A7E27B3023D5FF9C00BFC939 /* Main.storyboard */,
				A7E27B3623D5FF9D00BFC939 /* Assets.xcassets */,
				A7E27B3823D5FF9D00BFC939 /* LaunchScreen.storyboard */,
				A7E27B3B23D5FF9D00BFC939 /* Info.plist */,
				A7E27B3323D5FF9C00BFC939 /* pushapp.xcdatamodeld */,
				A7E27B4123D6010100BFC939 /* GoogleService-Info.plist */,
			);
			path = pushapp;
			sourceTree = "<group>";
		};
		FABFB41135340DF2C89D9ED9 /* Pods */ = {
			isa = PBXGroup;
			children = (
				8587E0BD0DBEEF5D5CBEB713 /* Pods-pushapp.debug.xcconfig */,
				05EDE476A72544989CCCF61C /* Pods-pushapp.release.xcconfig */,
			);
			name = Pods;
			path = Pods;
			sourceTree = "<group>";
		};
		FBD8F4DFB303886F92B6A585 /* Frameworks */ = {
			isa = PBXGroup;
			children = (
				42E4E9755843BB68A20F0043 /* Pods_pushapp.framework */,
			);
			name = Frameworks;
			sourceTree = "<group>";
		};
/* End PBXGroup section */

/* Begin PBXNativeTarget section */
		A7E27B2623D5FF9C00BFC939 /* pushapp */ = {
			isa = PBXNativeTarget;
			buildConfigurationList = A7E27B3E23D5FF9D00BFC939 /* Build configuration list for PBXNativeTarget "pushapp" */;
			buildPhases = (
				6B51E1993FFE2D1DABAA9413 /* [CP] Check Pods Manifest.lock */,
				A7E27B2323D5FF9C00BFC939 /* Sources */,
				A7E27B2423D5FF9C00BFC939 /* Frameworks */,
				A7E27B2523D5FF9C00BFC939 /* Resources */,
				939C590514F853E6992A67AA /* [CP] Embed Pods Frameworks */,
			);
			buildRules = (
			);
			dependencies = (
			);
			name = pushapp;
			productName = pushapp;
			productReference = A7E27B2723D5FF9C00BFC939 /* pushapp.app */;
			productType = "com.apple.product-type.application";
		};
/* End PBXNativeTarget section */

/* Begin PBXProject section */
		A7E27B1F23D5FF9C00BFC939 /* Project object */ = {
			isa = PBXProject;
			attributes = {
				LastSwiftUpdateCheck = 1130;
				LastUpgradeCheck = 1130;
				ORGANIZATIONNAME = user164457;
				TargetAttributes = {
					A7E27B2623D5FF9C00BFC939 = {
						CreatedOnToolsVersion = 11.3.1;
					};
				};
			};
			buildConfigurationList = A7E27B2223D5FF9C00BFC939 /* Build configuration list for PBXProject "pushapp" */;
			compatibilityVersion = "Xcode 9.3";
			developmentRegion = en;
			hasScannedForEncodings = 0;
			knownRegions = (
				en,
				Base,
			);
			mainGroup = A7E27B1E23D5FF9C00BFC939;
			productRefGroup = A7E27B2823D5FF9C00BFC939 /* Products */;
			projectDirPath = "";
			projectRoot = "";
			targets = (
				A7E27B2623D5FF9C00BFC939 /* pushapp */,
			);
		};
/* End PBXProject section */

/* Begin PBXResourcesBuildPhase section */
		A7E27B2523D5FF9C00BFC939 /* Resources */ = {
			isa = PBXResourcesBuildPhase;
			buildActionMask = 2147483647;
			files = (
				A7E27B3A23D5FF9D00BFC939 /* LaunchScreen.storyboard in Resources */,
				A7E27B4223D6010100BFC939 /* GoogleService-Info.plist in Resources */,
				A7E27B3723D5FF9D00BFC939 /* Assets.xcassets in Resources */,
				A7E27B3223D5FF9C00BFC939 /* Main.storyboard in Resources */,
			);
			runOnlyForDeploymentPostprocessing = 0;
		};
/* End PBXResourcesBuildPhase section */

/* Begin PBXShellScriptBuildPhase section */
		6B51E1993FFE2D1DABAA9413 /* [CP] Check Pods Manifest.lock */ = {
			isa = PBXShellScriptBuildPhase;
			buildActionMask = 2147483647;
			files = (
			);
			inputFileListPaths = (
			);
			inputPaths = (
				"${PODS_PODFILE_DIR_PATH}/Podfile.lock",
				"${PODS_ROOT}/Manifest.lock",
			);
			name = "[CP] Check Pods Manifest.lock";
			outputFileListPaths = (
			);
			outputPaths = (
				"$(DERIVED_FILE_DIR)/Pods-pushapp-checkManifestLockResult.txt",
			);
			runOnlyForDeploymentPostprocessing = 0;
			shellPath = /bin/sh;
			shellScript = "diff \"${PODS_PODFILE_DIR_PATH}/Podfile.lock\" \"${PODS_ROOT}/Manifest.lock\" > /dev/null\nif [ $? != 0 ] ; then\n    # print error to STDERR\n    echo \"error: The sandbox is not in sync with the Podfile.lock. Run 'pod install' or update your CocoaPods installation.\" >&2\n    exit 1\nfi\n# This output is used by Xcode 'outputs' to avoid re-running this script phase.\necho \"SUCCESS\" > \"${SCRIPT_OUTPUT_FILE_0}\"\n";
			showEnvVarsInLog = 0;
		};
		939C590514F853E6992A67AA /* [CP] Embed Pods Frameworks */ = {
			isa = PBXShellScriptBuildPhase;
			buildActionMask = 2147483647;
			files = (
			);
			inputFileListPaths = (
				"${PODS_ROOT}/Target Support Files/Pods-pushapp/Pods-pushapp-frameworks-${CONFIGURATION}-input-files.xcfilelist",
			);
			name = "[CP] Embed Pods Frameworks";
			outputFileListPaths = (
				"${PODS_ROOT}/Target Support Files/Pods-pushapp/Pods-pushapp-frameworks-${CONFIGURATION}-output-files.xcfilelist",
			);
			runOnlyForDeploymentPostprocessing = 0;
			shellPath = /bin/sh;
			shellScript = "\"${PODS_ROOT}/Target Support Files/Pods-pushapp/Pods-pushapp-frameworks.sh\"\n";
			showEnvVarsInLog = 0;
		};
/* End PBXShellScriptBuildPhase section */

/* Begin PBXSourcesBuildPhase section */
		A7E27B2323D5FF9C00BFC939 /* Sources */ = {
			isa = PBXSourcesBuildPhase;
			buildActionMask = 2147483647;
			files = (
				A7E27B2F23D5FF9C00BFC939 /* ViewController.swift in Sources */,
				A7E27B3523D5FF9C00BFC939 /* pushapp.xcdatamodeld in Sources */,
				A7E27B2B23D5FF9C00BFC939 /* AppDelegate.swift in Sources */,
				A7E27B2D23D5FF9C00BFC939 /* SceneDelegate.swift in Sources */,
			);
			runOnlyForDeploymentPostprocessing = 0;
		};
/* End PBXSourcesBuildPhase section */

/* Begin PBXVariantGroup section */
		A7E27B3023D5FF9C00BFC939 /* Main.storyboard */ = {
			isa = PBXVariantGroup;
			children = (
				A7E27B3123D5FF9C00BFC939 /* Base */,
			);
			name = Main.storyboard;
			sourceTree = "<group>";
		};
		A7E27B3823D5FF9D00BFC939 /* LaunchScreen.storyboard */ = {
			isa = PBXVariantGroup;
			children = (
				A7E27B3923D5FF9D00BFC939 /* Base */,
			);
			name = LaunchScreen.storyboard;
			sourceTree = "<group>";
		};
/* End PBXVariantGroup section */

/* Begin XCBuildConfiguration section */
		A7E27B3C23D5FF9D00BFC939 /* Debug */ = {
			isa = XCBuildConfiguration;
			buildSettings = {
				ALWAYS_SEARCH_USER_PATHS = NO;
				CLANG_ANALYZER_NONNULL = YES;
				CLANG_ANALYZER_NUMBER_OBJECT_CONVERSION = YES_AGGRESSIVE;
				CLANG_CXX_LANGUAGE_STANDARD = "gnu++14";
				CLANG_CXX_LIBRARY = "libc++";
				CLANG_ENABLE_MODULES = YES;
				CLANG_ENABLE_OBJC_ARC = YES;
				CLANG_ENABLE_OBJC_WEAK = YES;
				CLANG_WARN_BLOCK_CAPTURE_AUTORELEASING = YES;
				CLANG_WARN_BOOL_CONVERSION = YES;
				CLANG_WARN_COMMA = YES;
				CLANG_WARN_CONSTANT_CONVERSION = YES;
				CLANG_WARN_DEPRECATED_OBJC_IMPLEMENTATIONS = YES;
				CLANG_WARN_DIRECT_OBJC_ISA_USAGE = YES_ERROR;
				CLANG_WARN_DOCUMENTATION_COMMENTS = YES;
				CLANG_WARN_EMPTY_BODY = YES;
				CLANG_WARN_ENUM_CONVERSION = YES;
				CLANG_WARN_INFINITE_RECURSION = YES;
				CLANG_WARN_INT_CONVERSION = YES;
				CLANG_WARN_NON_LITERAL_NULL_CONVERSION = YES;
				CLANG_WARN_OBJC_IMPLICIT_RETAIN_SELF = YES;
				CLANG_WARN_OBJC_LITERAL_CONVERSION = YES;
				CLANG_WARN_OBJC_ROOT_CLASS = YES_ERROR;
				CLANG_WARN_RANGE_LOOP_ANALYSIS = YES;
				CLANG_WARN_STRICT_PROTOTYPES = YES;
				CLANG_WARN_SUSPICIOUS_MOVE = YES;
				CLANG_WARN_UNGUARDED_AVAILABILITY = YES_AGGRESSIVE;
				CLANG_WARN_UNREACHABLE_CODE = YES;
				CLANG_WARN__DUPLICATE_METHOD_MATCH = YES;
				COPY_PHASE_STRIP = NO;
				DEBUG_INFORMATION_FORMAT = dwarf;
				ENABLE_STRICT_OBJC_MSGSEND = YES;
				ENABLE_TESTABILITY = YES;
				GCC_C_LANGUAGE_STANDARD = gnu11;
				GCC_DYNAMIC_NO_PIC = NO;
				GCC_NO_COMMON_BLOCKS = YES;
				GCC_OPTIMIZATION_LEVEL = 0;
				GCC_PREPROCESSOR_DEFINITIONS = (
					"DEBUG=1",
					"$(inherited)",
				);
				GCC_WARN_64_TO_32_BIT_CONVERSION = YES;
				GCC_WARN_ABOUT_RETURN_TYPE = YES_ERROR;
				GCC_WARN_UNDECLARED_SELECTOR = YES;
				GCC_WARN_UNINITIALIZED_AUTOS = YES_AGGRESSIVE;
				GCC_WARN_UNUSED_FUNCTION = YES;
				GCC_WARN_UNUSED_VARIABLE = YES;
				IPHONEOS_DEPLOYMENT_TARGET = 13.2;
				MTL_ENABLE_DEBUG_INFO = INCLUDE_SOURCE;
				MTL_FAST_MATH = YES;
				ONLY_ACTIVE_ARCH = YES;
				SDKROOT = iphoneos;
				SWIFT_ACTIVE_COMPILATION_CONDITIONS = DEBUG;
				SWIFT_OPTIMIZATION_LEVEL = "-Onone";
			};
			name = Debug;
		};
		A7E27B3D23D5FF9D00BFC939 /* Release */ = {
			isa = XCBuildConfiguration;
			buildSettings = {
				ALWAYS_SEARCH_USER_PATHS = NO;
				CLANG_ANALYZER_NONNULL = YES;
				CLANG_ANALYZER_NUMBER_OBJECT_CONVERSION = YES_AGGRESSIVE;
				CLANG_CXX_LANGUAGE_STANDARD = "gnu++14";
				CLANG_CXX_LIBRARY = "libc++";
				CLANG_ENABLE_MODULES = YES;
				CLANG_ENABLE_OBJC_ARC = YES;
				CLANG_ENABLE_OBJC_WEAK = YES;
				CLANG_WARN_BLOCK_CAPTURE_AUTORELEASING = YES;
				CLANG_WARN_BOOL_CONVERSION = YES;
				CLANG_WARN_COMMA = YES;
				CLANG_WARN_CONSTANT_CONVERSION = YES;
				CLANG_WARN_DEPRECATED_OBJC_IMPLEMENTATIONS = YES;
				CLANG_WARN_DIRECT_OBJC_ISA_USAGE = YES_ERROR;
				CLANG_WARN_DOCUMENTATION_COMMENTS = YES;
				CLANG_WARN_EMPTY_BODY = YES;
				CLANG_WARN_ENUM_CONVERSION = YES;
				CLANG_WARN_INFINITE_RECURSION = YES;
				CLANG_WARN_INT_CONVERSION = YES;
				CLANG_WARN_NON_LITERAL_NULL_CONVERSION = YES;
				CLANG_WARN_OBJC_IMPLICIT_RETAIN_SELF = YES;
				CLANG_WARN_OBJC_LITERAL_CONVERSION = YES;
				CLANG_WARN_OBJC_ROOT_CLASS = YES_ERROR;
				CLANG_WARN_RANGE_LOOP_ANALYSIS = YES;
				CLANG_WARN_STRICT_PROTOTYPES = YES;
				CLANG_WARN_SUSPICIOUS_MOVE = YES;
				CLANG_WARN_UNGUARDED_AVAILABILITY = YES_AGGRESSIVE;
				CLANG_WARN_UNREACHABLE_CODE = YES;
				CLANG_WARN__DUPLICATE_METHOD_MATCH = YES;
				COPY_PHASE_STRIP = NO;
				DEBUG_INFORMATION_FORMAT = "dwarf-with-dsym";
				ENABLE_NS_ASSERTIONS = NO;
				ENABLE_STRICT_OBJC_MSGSEND = YES;
				GCC_C_LANGUAGE_STANDARD = gnu11;
				GCC_NO_COMMON_BLOCKS = YES;
				GCC_WARN_64_TO_32_BIT_CONVERSION = YES;
				GCC_WARN_ABOUT_RETURN_TYPE = YES_ERROR;
				GCC_WARN_UNDECLARED_SELECTOR = YES;
				GCC_WARN_UNINITIALIZED_AUTOS = YES_AGGRESSIVE;
				GCC_WARN_UNUSED_FUNCTION = YES;
				GCC_WARN_UNUSED_VARIABLE = YES;
				IPHONEOS_DEPLOYMENT_TARGET = 13.2;
				MTL_ENABLE_DEBUG_INFO = NO;
				MTL_FAST_MATH = YES;
				SDKROOT = iphoneos;
				SWIFT_COMPILATION_MODE = wholemodule;
				SWIFT_OPTIMIZATION_LEVEL = "-O";
				VALIDATE_PRODUCT = YES;
			};
			name = Release;
		};
		A7E27B3F23D5FF9D00BFC939 /* Debug */ = {
			isa = XCBuildConfiguration;
			baseConfigurationReference = 8587E0BD0DBEEF5D5CBEB713 /* Pods-pushapp.debug.xcconfig */;
			buildSettings = {
				ASSETCATALOG_COMPILER_APPICON_NAME = AppIcon;
				CODE_SIGN_STYLE = Automatic;
				DEVELOPMENT_TEAM = K7744CDV2B;
				INFOPLIST_FILE = pushapp/Info.plist;
				LD_RUNPATH_SEARCH_PATHS = (
					"$(inherited)",
					"@executable_path/Frameworks",
				);
				PRODUCT_BUNDLE_IDENTIFIER = ojimenez.cl.pushapp;
				PRODUCT_NAME = "$(TARGET_NAME)";
				SWIFT_VERSION = 5.0;
				TARGETED_DEVICE_FAMILY = "1,2";
			};
			name = Debug;
		};
		A7E27B4023D5FF9D00BFC939 /* Release */ = {
			isa = XCBuildConfiguration;
			baseConfigurationReference = 05EDE476A72544989CCCF61C /* Pods-pushapp.release.xcconfig */;
			buildSettings = {
				ASSETCATALOG_COMPILER_APPICON_NAME = AppIcon;
				CODE_SIGN_STYLE = Automatic;
				DEVELOPMENT_TEAM = K7744CDV2B;
				INFOPLIST_FILE = pushapp/Info.plist;
				LD_RUNPATH_SEARCH_PATHS = (
					"$(inherited)",
					"@executable_path/Frameworks",
				);
				PRODUCT_BUNDLE_IDENTIFIER = ojimenez.cl.pushapp;
				PRODUCT_NAME = "$(TARGET_NAME)";
				SWIFT_VERSION = 5.0;
				TARGETED_DEVICE_FAMILY = "1,2";
			};
			name = Release;
		};
/* End XCBuildConfiguration section */

/* Begin XCConfigurationList section */
		A7E27B2223D5FF9C00BFC939 /* Build configuration list for PBXProject "pushapp" */ = {
			isa = XCConfigurationList;
			buildConfigurations = (
				A7E27B3C23D5FF9D00BFC939 /* Debug */,
				A7E27B3D23D5FF9D00BFC939 /* Release */,
			);
			defaultConfigurationIsVisible = 0;
			defaultConfigurationName = Release;
		};
		A7E27B3E23D5FF9D00BFC939 /* Build configuration list for PBXNativeTarget "pushapp" */ = {
			isa = XCConfigurationList;
			buildConfigurations = (
				A7E27B3F23D5FF9D00BFC939 /* Debug */,
				A7E27B4023D5FF9D00BFC939 /* Release */,
			);
			defaultConfigurationIsVisible = 0;
			defaultConfigurationName = Release;
		};
/* End XCConfigurationList section */

/* Begin XCVersionGroup section */
		A7E27B3323D5FF9C00BFC939 /* pushapp.xcdatamodeld */ = {
			isa = XCVersionGroup;
			children = (
				A7E27B3423D5FF9C00BFC939 /* pushapp.xcdatamodel */,
			);
			currentVersion = A7E27B3423D5FF9C00BFC939 /* pushapp.xcdatamodel */;
			path = pushapp.xcdatamodeld;
			sourceTree = "<group>";
			versionGroupType = wrapper.xcdatamodel;
		};
/* End XCVersionGroup section */
	};
	rootObject = A7E27B1F23D5FF9C00BFC939 /* Project object */;
}
