// !$*UTF8*$!
{
	archiveVersion = 1;
	classes = {
	};
	objectVersion = 50;
	objects = {

/* Begin PBXBuildFile section */
		A7B22A1223D8799D00742A34 /* AppDelegate.swift in Sources */ = {isa = PBXBuildFile; fileRef = A7B22A1123D8799D00742A34 /* AppDelegate.swift */; };
		A7B22A1423D8799D00742A34 /* SceneDelegate.swift in Sources */ = {isa = PBXBuildFile; fileRef = A7B22A1323D8799D00742A34 /* SceneDelegate.swift */; };
		A7B22A1623D8799D00742A34 /* ViewController.swift in Sources */ = {isa = PBXBuildFile; fileRef = A7B22A1523D8799D00742A34 /* ViewController.swift */; };
		A7B22A1923D8799D00742A34 /* Main.storyboard in Resources */ = {isa = PBXBuildFile; fileRef = A7B22A1723D8799D00742A34 /* Main.storyboard */; };
		A7B22A1C23D8799D00742A34 /* DataModelSample.xcdatamodeld in Sources */ = {isa = PBXBuildFile; fileRef = A7B22A1A23D8799D00742A34 /* DataModelSample.xcdatamodeld */; };
		A7B22A1E23D8799F00742A34 /* Assets.xcassets in Resources */ = {isa = PBXBuildFile; fileRef = A7B22A1D23D8799F00742A34 /* Assets.xcassets */; };
		A7B22A2123D8799F00742A34 /* LaunchScreen.storyboard in Resources */ = {isa = PBXBuildFile; fileRef = A7B22A1F23D8799F00742A34 /* LaunchScreen.storyboard */; };
		A7B22A2C23D87B5F00742A34 /* Person+CoreDataClass.swift in Sources */ = {isa = PBXBuildFile; fileRef = A7B22A2823D87B5F00742A34 /* Person+CoreDataClass.swift */; };
		A7B22A2D23D87B5F00742A34 /* Person+CoreDataProperties.swift in Sources */ = {isa = PBXBuildFile; fileRef = A7B22A2923D87B5F00742A34 /* Person+CoreDataProperties.swift */; };
		A7B22A2E23D87B5F00742A34 /* CreditCard+CoreDataClass.swift in Sources */ = {isa = PBXBuildFile; fileRef = A7B22A2A23D87B5F00742A34 /* CreditCard+CoreDataClass.swift */; };
		A7B22A2F23D87B5F00742A34 /* CreditCard+CoreDataProperties.swift in Sources */ = {isa = PBXBuildFile; fileRef = A7B22A2B23D87B5F00742A34 /* CreditCard+CoreDataProperties.swift */; };
		A7B22A3123D87CEE00742A34 /* PersonDetailViewController.swift in Sources */ = {isa = PBXBuildFile; fileRef = A7B22A3023D87CEE00742A34 /* PersonDetailViewController.swift */; };
		A7B22A3323D8926600742A34 /* PersonFormViewController.swift in Sources */ = {isa = PBXBuildFile; fileRef = A7B22A3223D8926600742A34 /* PersonFormViewController.swift */; };
/* End PBXBuildFile section */

/* Begin PBXFileReference section */
		A7B22A0E23D8799D00742A34 /* DataModelSample.app */ = {isa = PBXFileReference; explicitFileType = wrapper.application; includeInIndex = 0; path = DataModelSample.app; sourceTree = BUILT_PRODUCTS_DIR; };
		A7B22A1123D8799D00742A34 /* AppDelegate.swift */ = {isa = PBXFileReference; lastKnownFileType = sourcecode.swift; path = AppDelegate.swift; sourceTree = "<group>"; };
		A7B22A1323D8799D00742A34 /* SceneDelegate.swift */ = {isa = PBXFileReference; lastKnownFileType = sourcecode.swift; path = SceneDelegate.swift; sourceTree = "<group>"; };
		A7B22A1523D8799D00742A34 /* ViewController.swift */ = {isa = PBXFileReference; lastKnownFileType = sourcecode.swift; path = ViewController.swift; sourceTree = "<group>"; };
		A7B22A1823D8799D00742A34 /* Base */ = {isa = PBXFileReference; lastKnownFileType = file.storyboard; name = Base; path = Base.lproj/Main.storyboard; sourceTree = "<group>"; };
		A7B22A1B23D8799D00742A34 /* DataModelSample.xcdatamodel */ = {isa = PBXFileReference; lastKnownFileType = wrapper.xcdatamodel; path = DataModelSample.xcdatamodel; sourceTree = "<group>"; };
		A7B22A1D23D8799F00742A34 /* Assets.xcassets */ = {isa = PBXFileReference; lastKnownFileType = folder.assetcatalog; path = Assets.xcassets; sourceTree = "<group>"; };
		A7B22A2023D8799F00742A34 /* Base */ = {isa = PBXFileReference; lastKnownFileType = file.storyboard; name = Base; path = Base.lproj/LaunchScreen.storyboard; sourceTree = "<group>"; };
		A7B22A2223D8799F00742A34 /* Info.plist */ = {isa = PBXFileReference; lastKnownFileType = text.plist.xml; path = Info.plist; sourceTree = "<group>"; };
		A7B22A2823D87B5F00742A34 /* Person+CoreDataClass.swift */ = {isa = PBXFileReference; lastKnownFileType = sourcecode.swift; path = "Person+CoreDataClass.swift"; sourceTree = "<group>"; };
		A7B22A2923D87B5F00742A34 /* Person+CoreDataProperties.swift */ = {isa = PBXFileReference; lastKnownFileType = sourcecode.swift; path = "Person+CoreDataProperties.swift"; sourceTree = "<group>"; };
		A7B22A2A23D87B5F00742A34 /* CreditCard+CoreDataClass.swift */ = {isa = PBXFileReference; lastKnownFileType = sourcecode.swift; path = "CreditCard+CoreDataClass.swift"; sourceTree = "<group>"; };
		A7B22A2B23D87B5F00742A34 /* CreditCard+CoreDataProperties.swift */ = {isa = PBXFileReference; lastKnownFileType = sourcecode.swift; path = "CreditCard+CoreDataProperties.swift"; sourceTree = "<group>"; };
		A7B22A3023D87CEE00742A34 /* PersonDetailViewController.swift */ = {isa = PBXFileReference; lastKnownFileType = sourcecode.swift; path = PersonDetailViewController.swift; sourceTree = "<group>"; };
		A7B22A3223D8926600742A34 /* PersonFormViewController.swift */ = {isa = PBXFileReference; lastKnownFileType = sourcecode.swift; path = PersonFormViewController.swift; sourceTree = "<group>"; };
/* End PBXFileReference section */

/* Begin PBXFrameworksBuildPhase section */
		A7B22A0B23D8799D00742A34 /* Frameworks */ = {
			isa = PBXFrameworksBuildPhase;
			buildActionMask = 2147483647;
			files = (
			);
			runOnlyForDeploymentPostprocessing = 0;
		};
/* End PBXFrameworksBuildPhase section */

/* Begin PBXGroup section */
		A7B22A0523D8799C00742A34 = {
			isa = PBXGroup;
			children = (
				A7B22A2823D87B5F00742A34 /* Person+CoreDataClass.swift */,
				A7B22A2923D87B5F00742A34 /* Person+CoreDataProperties.swift */,
				A7B22A2A23D87B5F00742A34 /* CreditCard+CoreDataClass.swift */,
				A7B22A2B23D87B5F00742A34 /* CreditCard+CoreDataProperties.swift */,
				A7B22A1023D8799D00742A34 /* DataModelSample */,
				A7B22A0F23D8799D00742A34 /* Products */,
			);
			sourceTree = "<group>";
		};
		A7B22A0F23D8799D00742A34 /* Products */ = {
			isa = PBXGroup;
			children = (
				A7B22A0E23D8799D00742A34 /* DataModelSample.app */,
			);
			name = Products;
			sourceTree = "<group>";
		};
		A7B22A1023D8799D00742A34 /* DataModelSample */ = {
			isa = PBXGroup;
			children = (
				A7B22A1123D8799D00742A34 /* AppDelegate.swift */,
				A7B22A1323D8799D00742A34 /* SceneDelegate.swift */,
				A7B22A1523D8799D00742A34 /* ViewController.swift */,
				A7B22A1723D8799D00742A34 /* Main.storyboard */,
				A7B22A3023D87CEE00742A34 /* PersonDetailViewController.swift */,
				A7B22A3223D8926600742A34 /* PersonFormViewController.swift */,
				A7B22A1D23D8799F00742A34 /* Assets.xcassets */,
				A7B22A1F23D8799F00742A34 /* LaunchScreen.storyboard */,
				A7B22A2223D8799F00742A34 /* Info.plist */,
				A7B22A1A23D8799D00742A34 /* DataModelSample.xcdatamodeld */,
			);
			path = DataModelSample;
			sourceTree = "<group>";
		};
/* End PBXGroup section */

/* Begin PBXNativeTarget section */
		A7B22A0D23D8799D00742A34 /* DataModelSample */ = {
			isa = PBXNativeTarget;
			buildConfigurationList = A7B22A2523D8799F00742A34 /* Build configuration list for PBXNativeTarget "DataModelSample" */;
			buildPhases = (
				A7B22A0A23D8799D00742A34 /* Sources */,
				A7B22A0B23D8799D00742A34 /* Frameworks */,
				A7B22A0C23D8799D00742A34 /* Resources */,
			);
			buildRules = (
			);
			dependencies = (
			);
			name = DataModelSample;
			productName = DataModelSample;
			productReference = A7B22A0E23D8799D00742A34 /* DataModelSample.app */;
			productType = "com.apple.product-type.application";
		};
/* End PBXNativeTarget section */

/* Begin PBXProject section */
		A7B22A0623D8799C00742A34 /* Project object */ = {
			isa = PBXProject;
			attributes = {
				LastSwiftUpdateCheck = 1130;
				LastUpgradeCheck = 1130;
				ORGANIZATIONNAME = user164457;
				TargetAttributes = {
					A7B22A0D23D8799D00742A34 = {
						CreatedOnToolsVersion = 11.3.1;
					};
				};
			};
			buildConfigurationList = A7B22A0923D8799C00742A34 /* Build configuration list for PBXProject "DataModelSample" */;
			compatibilityVersion = "Xcode 9.3";
			developmentRegion = en;
			hasScannedForEncodings = 0;
			knownRegions = (
				en,
				Base,
			);
			mainGroup = A7B22A0523D8799C00742A34;
			productRefGroup = A7B22A0F23D8799D00742A34 /* Products */;
			projectDirPath = "";
			projectRoot = "";
			targets = (
				A7B22A0D23D8799D00742A34 /* DataModelSample */,
			);
		};
/* End PBXProject section */

/* Begin PBXResourcesBuildPhase section */
		A7B22A0C23D8799D00742A34 /* Resources */ = {
			isa = PBXResourcesBuildPhase;
			buildActionMask = 2147483647;
			files = (
				A7B22A2123D8799F00742A34 /* LaunchScreen.storyboard in Resources */,
				A7B22A1E23D8799F00742A34 /* Assets.xcassets in Resources */,
				A7B22A1923D8799D00742A34 /* Main.storyboard in Resources */,
			);
			runOnlyForDeploymentPostprocessing = 0;
		};
/* End PBXResourcesBuildPhase section */

/* Begin PBXSourcesBuildPhase section */
		A7B22A0A23D8799D00742A34 /* Sources */ = {
			isa = PBXSourcesBuildPhase;
			buildActionMask = 2147483647;
			files = (
				A7B22A2E23D87B5F00742A34 /* CreditCard+CoreDataClass.swift in Sources */,
				A7B22A1623D8799D00742A34 /* ViewController.swift in Sources */,
				A7B22A1C23D8799D00742A34 /* DataModelSample.xcdatamodeld in Sources */,
				A7B22A2D23D87B5F00742A34 /* Person+CoreDataProperties.swift in Sources */,
				A7B22A2C23D87B5F00742A34 /* Person+CoreDataClass.swift in Sources */,
				A7B22A3123D87CEE00742A34 /* PersonDetailViewController.swift in Sources */,
				A7B22A1223D8799D00742A34 /* AppDelegate.swift in Sources */,
				A7B22A3323D8926600742A34 /* PersonFormViewController.swift in Sources */,
				A7B22A2F23D87B5F00742A34 /* CreditCard+CoreDataProperties.swift in Sources */,
				A7B22A1423D8799D00742A34 /* SceneDelegate.swift in Sources */,
			);
			runOnlyForDeploymentPostprocessing = 0;
		};
/* End PBXSourcesBuildPhase section */

/* Begin PBXVariantGroup section */
		A7B22A1723D8799D00742A34 /* Main.storyboard */ = {
			isa = PBXVariantGroup;
			children = (
				A7B22A1823D8799D00742A34 /* Base */,
			);
			name = Main.storyboard;
			sourceTree = "<group>";
		};
		A7B22A1F23D8799F00742A34 /* LaunchScreen.storyboard */ = {
			isa = PBXVariantGroup;
			children = (
				A7B22A2023D8799F00742A34 /* Base */,
			);
			name = LaunchScreen.storyboard;
			sourceTree = "<group>";
		};
/* End PBXVariantGroup section */

/* Begin XCBuildConfiguration section */
		A7B22A2323D8799F00742A34 /* Debug */ = {
			isa = XCBuildConfiguration;
			buildSettings = {
				ALWAYS_SEARCH_USER_PATHS = NO;
				CLANG_ANALYZER_NONNULL = YES;
				CLANG_ANALYZER_NUMBER_OBJECT_CONVERSION = YES_AGGRESSIVE;
				CLANG_CXX_LANGUAGE_STANDARD = "gnu++14";
				CLANG_CXX_LIBRARY = "libc++";
				CLANG_ENABLE_MODULES = YES;
				CLANG_ENABLE_OBJC_ARC = YES;
				CLANG_ENABLE_OBJC_WEAK = YES;
				CLANG_WARN_BLOCK_CAPTURE_AUTORELEASING = YES;
				CLANG_WARN_BOOL_CONVERSION = YES;
				CLANG_WARN_COMMA = YES;
				CLANG_WARN_CONSTANT_CONVERSION = YES;
				CLANG_WARN_DEPRECATED_OBJC_IMPLEMENTATIONS = YES;
				CLANG_WARN_DIRECT_OBJC_ISA_USAGE = YES_ERROR;
				CLANG_WARN_DOCUMENTATION_COMMENTS = YES;
				CLANG_WARN_EMPTY_BODY = YES;
				CLANG_WARN_ENUM_CONVERSION = YES;
				CLANG_WARN_INFINITE_RECURSION = YES;
				CLANG_WARN_INT_CONVERSION = YES;
				CLANG_WARN_NON_LITERAL_NULL_CONVERSION = YES;
				CLANG_WARN_OBJC_IMPLICIT_RETAIN_SELF = YES;
				CLANG_WARN_OBJC_LITERAL_CONVERSION = YES;
				CLANG_WARN_OBJC_ROOT_CLASS = YES_ERROR;
				CLANG_WARN_RANGE_LOOP_ANALYSIS = YES;
				CLANG_WARN_STRICT_PROTOTYPES = YES;
				CLANG_WARN_SUSPICIOUS_MOVE = YES;
				CLANG_WARN_UNGUARDED_AVAILABILITY = YES_AGGRESSIVE;
				CLANG_WARN_UNREACHABLE_CODE = YES;
				CLANG_WARN__DUPLICATE_METHOD_MATCH = YES;
				COPY_PHASE_STRIP = NO;
				DEBUG_INFORMATION_FORMAT = dwarf;
				ENABLE_STRICT_OBJC_MSGSEND = YES;
				ENABLE_TESTABILITY = YES;
				GCC_C_LANGUAGE_STANDARD = gnu11;
				GCC_DYNAMIC_NO_PIC = NO;
				GCC_NO_COMMON_BLOCKS = YES;
				GCC_OPTIMIZATION_LEVEL = 0;
				GCC_PREPROCESSOR_DEFINITIONS = (
					"DEBUG=1",
					"$(inherited)",
				);
				GCC_WARN_64_TO_32_BIT_CONVERSION = YES;
				GCC_WARN_ABOUT_RETURN_TYPE = YES_ERROR;
				GCC_WARN_UNDECLARED_SELECTOR = YES;
				GCC_WARN_UNINITIALIZED_AUTOS = YES_AGGRESSIVE;
				GCC_WARN_UNUSED_FUNCTION = YES;
				GCC_WARN_UNUSED_VARIABLE = YES;
				IPHONEOS_DEPLOYMENT_TARGET = 13.2;
				MTL_ENABLE_DEBUG_INFO = INCLUDE_SOURCE;
				MTL_FAST_MATH = YES;
				ONLY_ACTIVE_ARCH = YES;
				SDKROOT = iphoneos;
				SWIFT_ACTIVE_COMPILATION_CONDITIONS = DEBUG;
				SWIFT_OPTIMIZATION_LEVEL = "-Onone";
			};
			name = Debug;
		};
		A7B22A2423D8799F00742A34 /* Release */ = {
			isa = XCBuildConfiguration;
			buildSettings = {
				ALWAYS_SEARCH_USER_PATHS = NO;
				CLANG_ANALYZER_NONNULL = YES;
				CLANG_ANALYZER_NUMBER_OBJECT_CONVERSION = YES_AGGRESSIVE;
				CLANG_CXX_LANGUAGE_STANDARD = "gnu++14";
				CLANG_CXX_LIBRARY = "libc++";
				CLANG_ENABLE_MODULES = YES;
				CLANG_ENABLE_OBJC_ARC = YES;
				CLANG_ENABLE_OBJC_WEAK = YES;
				CLANG_WARN_BLOCK_CAPTURE_AUTORELEASING = YES;
				CLANG_WARN_BOOL_CONVERSION = YES;
				CLANG_WARN_COMMA = YES;
				CLANG_WARN_CONSTANT_CONVERSION = YES;
				CLANG_WARN_DEPRECATED_OBJC_IMPLEMENTATIONS = YES;
				CLANG_WARN_DIRECT_OBJC_ISA_USAGE = YES_ERROR;
				CLANG_WARN_DOCUMENTATION_COMMENTS = YES;
				CLANG_WARN_EMPTY_BODY = YES;
				CLANG_WARN_ENUM_CONVERSION = YES;
				CLANG_WARN_INFINITE_RECURSION = YES;
				CLANG_WARN_INT_CONVERSION = YES;
				CLANG_WARN_NON_LITERAL_NULL_CONVERSION = YES;
				CLANG_WARN_OBJC_IMPLICIT_RETAIN_SELF = YES;
				CLANG_WARN_OBJC_LITERAL_CONVERSION = YES;
				CLANG_WARN_OBJC_ROOT_CLASS = YES_ERROR;
				CLANG_WARN_RANGE_LOOP_ANALYSIS = YES;
				CLANG_WARN_STRICT_PROTOTYPES = YES;
				CLANG_WARN_SUSPICIOUS_MOVE = YES;
				CLANG_WARN_UNGUARDED_AVAILABILITY = YES_AGGRESSIVE;
				CLANG_WARN_UNREACHABLE_CODE = YES;
				CLANG_WARN__DUPLICATE_METHOD_MATCH = YES;
				COPY_PHASE_STRIP = NO;
				DEBUG_INFORMATION_FORMAT = "dwarf-with-dsym";
				ENABLE_NS_ASSERTIONS = NO;
				ENABLE_STRICT_OBJC_MSGSEND = YES;
				GCC_C_LANGUAGE_STANDARD = gnu11;
				GCC_NO_COMMON_BLOCKS = YES;
				GCC_WARN_64_TO_32_BIT_CONVERSION = YES;
				GCC_WARN_ABOUT_RETURN_TYPE = YES_ERROR;
				GCC_WARN_UNDECLARED_SELECTOR = YES;
				GCC_WARN_UNINITIALIZED_AUTOS = YES_AGGRESSIVE;
				GCC_WARN_UNUSED_FUNCTION = YES;
				GCC_WARN_UNUSED_VARIABLE = YES;
				IPHONEOS_DEPLOYMENT_TARGET = 13.2;
				MTL_ENABLE_DEBUG_INFO = NO;
				MTL_FAST_MATH = YES;
				SDKROOT = iphoneos;
				SWIFT_COMPILATION_MODE = wholemodule;
				SWIFT_OPTIMIZATION_LEVEL = "-O";
				VALIDATE_PRODUCT = YES;
			};
			name = Release;
		};
		A7B22A2623D8799F00742A34 /* Debug */ = {
			isa = XCBuildConfiguration;
			buildSettings = {
				ASSETCATALOG_COMPILER_APPICON_NAME = AppIcon;
				CODE_SIGN_STYLE = Automatic;
				DEVELOPMENT_TEAM = K7744CDV2B;
				INFOPLIST_FILE = DataModelSample/Info.plist;
				LD_RUNPATH_SEARCH_PATHS = (
					"$(inherited)",
					"@executable_path/Frameworks",
				);
				PRODUCT_BUNDLE_IDENTIFIER = ojimenez.cl.DataModelSample;
				PRODUCT_NAME = "$(TARGET_NAME)";
				SWIFT_VERSION = 5.0;
				TARGETED_DEVICE_FAMILY = "1,2";
			};
			name = Debug;
		};
		A7B22A2723D8799F00742A34 /* Release */ = {
			isa = XCBuildConfiguration;
			buildSettings = {
				ASSETCATALOG_COMPILER_APPICON_NAME = AppIcon;
				CODE_SIGN_STYLE = Automatic;
				DEVELOPMENT_TEAM = K7744CDV2B;
				INFOPLIST_FILE = DataModelSample/Info.plist;
				LD_RUNPATH_SEARCH_PATHS = (
					"$(inherited)",
					"@executable_path/Frameworks",
				);
				PRODUCT_BUNDLE_IDENTIFIER = ojimenez.cl.DataModelSample;
				PRODUCT_NAME = "$(TARGET_NAME)";
				SWIFT_VERSION = 5.0;
				TARGETED_DEVICE_FAMILY = "1,2";
			};
			name = Release;
		};
/* End XCBuildConfiguration section */

/* Begin XCConfigurationList section */
		A7B22A0923D8799C00742A34 /* Build configuration list for PBXProject "DataModelSample" */ = {
			isa = XCConfigurationList;
			buildConfigurations = (
				A7B22A2323D8799F00742A34 /* Debug */,
				A7B22A2423D8799F00742A34 /* Release */,
			);
			defaultConfigurationIsVisible = 0;
			defaultConfigurationName = Release;
		};
		A7B22A2523D8799F00742A34 /* Build configuration list for PBXNativeTarget "DataModelSample" */ = {
			isa = XCConfigurationList;
			buildConfigurations = (
				A7B22A2623D8799F00742A34 /* Debug */,
				A7B22A2723D8799F00742A34 /* Release */,
			);
			defaultConfigurationIsVisible = 0;
			defaultConfigurationName = Release;
		};
/* End XCConfigurationList section */

/* Begin XCVersionGroup section */
		A7B22A1A23D8799D00742A34 /* DataModelSample.xcdatamodeld */ = {
			isa = XCVersionGroup;
			children = (
				A7B22A1B23D8799D00742A34 /* DataModelSample.xcdatamodel */,
			);
			currentVersion = A7B22A1B23D8799D00742A34 /* DataModelSample.xcdatamodel */;
			path = DataModelSample.xcdatamodeld;
			sourceTree = "<group>";
			versionGroupType = wrapper.xcdatamodel;
		};
/* End XCVersionGroup section */
	};
	rootObject = A7B22A0623D8799C00742A34 /* Project object */;
}
